
Microsoft Visual Studio Solution File, Format Version 12.00
# Visual Studio 15
VisualStudioVersion = 15.0.27130.2024
MinimumVisualStudioVersion = 10.0.40219.1
Project("{FAE04EC0-301F-11D3-BF4B-00C04F79EFBC}") = "Hi.Web", "Web\Hi.Web.csproj", "{CC156031-DE45-4D71-B78D-671D7791C37C}"
EndProject
Project("{FAE04EC0-301F-11D3-BF4B-00C04F79EFBC}") = "Hi.Quartz", "Quartz\Hi.Quartz.csproj", "{2AE99143-9488-4CB8-BFE7-C8C2AD0F5C51}"
EndProject
Global
	GlobalSection(SolutionConfigurationPlatforms) = preSolution
		Debug|Any CPU = Debug|Any CPU
		Release|Any CPU = Release|Any CPU
	EndGlobalSection
	GlobalSection(ProjectConfigurationPlatforms) = postSolution
		{CC156031-DE45-4D71-B78D-671D7791C37C}.Debug|Any CPU.ActiveCfg = Debug|Any CPU
		{CC156031-DE45-4D71-B78D-671D7791C37C}.Debug|Any CPU.Build.0 = Debug|Any CPU
		{CC156031-DE45-4D71-B78D-671D7791C37C}.Release|Any CPU.ActiveCfg = Release|Any CPU
		{CC156031-DE45-4D71-B78D-671D7791C37C}.Release|Any CPU.Build.0 = Release|Any CPU
		{2AE99143-9488-4CB8-BFE7-C8C2AD0F5C51}.Debug|Any CPU.ActiveCfg = Debug|Any CPU
		{2AE99143-9488-4CB8-BFE7-C8C2AD0F5C51}.Debug|Any CPU.Build.0 = Debug|Any CPU
		{2AE99143-9488-4CB8-BFE7-C8C2AD0F5C51}.Release|Any CPU.ActiveCfg = Release|Any CPU
		{2AE99143-9488-4CB8-BFE7-C8C2AD0F5C51}.Release|Any CPU.Build.0 = Release|Any CPU
	EndGlobalSection
	GlobalSection(SolutionProperties) = preSolution
		HideSolutionNode = FALSE
	EndGlobalSection
	GlobalSection(ExtensibilityGlobals) = postSolution
		SolutionGuid = {D3DDADDC-C4DB-4C23-A2CA-E4C782734100}
	EndGlobalSection
EndGlobal
